
Microsoft Visual Studio Solution File, Format Version 12.00
# Visual Studio Version 17
VisualStudioVersion = 17.0.32112.339
MinimumVisualStudioVersion = 10.0.40219.1
Project("{FAE04EC0-301F-11D3-BF4B-00C04F79EFBC}") = "12324", "12324\12324.csproj", "{409A8E03-7C2C-4085-B90D-F3026DFBF059}"
EndProject
Global
	GlobalSection(SolutionConfigurationPlatforms) = preSolution
		Debug|Any CPU = Debug|Any CPU
		Release|Any CPU = Release|Any CPU
	EndGlobalSection
	GlobalSection(ProjectConfigurationPlatforms) = postSolution
		{409A8E03-7C2C-4085-B90D-F3026DFBF059}.Debug|Any CPU.ActiveCfg = Debug|Any CPU
		{409A8E03-7C2C-4085-B90D-F3026DFBF059}.Debug|Any CPU.Build.0 = Debug|Any CPU
		{409A8E03-7C2C-4085-B90D-F3026DFBF059}.Release|Any CPU.ActiveCfg = Release|Any CPU
		{409A8E03-7C2C-4085-B90D-F3026DFBF059}.Release|Any CPU.Build.0 = Release|Any CPU
	EndGlobalSection
	GlobalSection(SolutionProperties) = preSolution
		HideSolutionNode = FALSE
	EndGlobalSection
	GlobalSection(ExtensibilityGlobals) = postSolution
		SolutionGuid = {C5493688-A34E-4D82-A8B3-C6B5B986A06A}
	EndGlobalSection
EndGlobal
