
Microsoft Visual Studio Solution File, Format Version 12.00
# Visual Studio Version 17
VisualStudioVersion = 17.0.32112.339
MinimumVisualStudioVersion = 10.0.40219.1
Project("{FAE04EC0-301F-11D3-BF4B-00C04F79EFBC}") = "№16", "№16\№16.csproj", "{81DA1DA1-99FB-48CF-A425-FB7B9919F2BC}"
EndProject
Global
	GlobalSection(SolutionConfigurationPlatforms) = preSolution
		Debug|Any CPU = Debug|Any CPU
		Release|Any CPU = Release|Any CPU
	EndGlobalSection
	GlobalSection(ProjectConfigurationPlatforms) = postSolution
		{81DA1DA1-99FB-48CF-A425-FB7B9919F2BC}.Debug|Any CPU.ActiveCfg = Debug|Any CPU
		{81DA1DA1-99FB-48CF-A425-FB7B9919F2BC}.Debug|Any CPU.Build.0 = Debug|Any CPU
		{81DA1DA1-99FB-48CF-A425-FB7B9919F2BC}.Release|Any CPU.ActiveCfg = Release|Any CPU
		{81DA1DA1-99FB-48CF-A425-FB7B9919F2BC}.Release|Any CPU.Build.0 = Release|Any CPU
	EndGlobalSection
	GlobalSection(SolutionProperties) = preSolution
		HideSolutionNode = FALSE
	EndGlobalSection
	GlobalSection(ExtensibilityGlobals) = postSolution
		SolutionGuid = {9649AE4C-C087-4692-966D-19241BDA4A8A}
	EndGlobalSection
EndGlobal
