
Microsoft Visual Studio Solution File, Format Version 12.00
# Visual Studio Version 17
VisualStudioVersion = 17.0.32112.339
MinimumVisualStudioVersion = 10.0.40219.1
Project("{FAE04EC0-301F-11D3-BF4B-00C04F79EFBC}") = "0987654321", "0987654321\0987654321.csproj", "{969FC169-8D7F-4714-B37B-3F7726907314}"
EndProject
Global
	GlobalSection(SolutionConfigurationPlatforms) = preSolution
		Debug|Any CPU = Debug|Any CPU
		Release|Any CPU = Release|Any CPU
	EndGlobalSection
	GlobalSection(ProjectConfigurationPlatforms) = postSolution
		{969FC169-8D7F-4714-B37B-3F7726907314}.Debug|Any CPU.ActiveCfg = Debug|Any CPU
		{969FC169-8D7F-4714-B37B-3F7726907314}.Debug|Any CPU.Build.0 = Debug|Any CPU
		{969FC169-8D7F-4714-B37B-3F7726907314}.Release|Any CPU.ActiveCfg = Release|Any CPU
		{969FC169-8D7F-4714-B37B-3F7726907314}.Release|Any CPU.Build.0 = Release|Any CPU
	EndGlobalSection
	GlobalSection(SolutionProperties) = preSolution
		HideSolutionNode = FALSE
	EndGlobalSection
	GlobalSection(ExtensibilityGlobals) = postSolution
		SolutionGuid = {282ECD21-2807-4C45-A034-9F85453AF3EF}
	EndGlobalSection
EndGlobal
